
Microsoft Visual Studio Solution File, Format Version 12.00
# Visual Studio Version 17
VisualStudioVersion = 17.0.31903.59
MinimumVisualStudioVersion = 10.0.40219.1
Project("{2150E333-8FDC-42A3-9474-1A3956D46DE8}") = "src", "src", "{F6A795D3-D179-4BB7-BBE3-E064003D1034}"
EndProject
Project("{FAE04EC0-301F-11D3-BF4B-00C04F79EFBC}") = "TorchSharpVisual", "src\TorchSharpVisual\TorchSharpVisual.csproj", "{D8CEE50E-6E75-4EA5-AFA0-391326887304}"
EndProject
Project("{2150E333-8FDC-42A3-9474-1A3956D46DE8}") = "tests", "tests", "{1A4C1B9E-2AA8-4DE9-BC8A-1EAC95F934AE}"
EndProject
Project("{FAE04EC0-301F-11D3-BF4B-00C04F79EFBC}") = "TorchSharpVisual.Tests", "tests\TorchSharpVisual.Tests\TorchSharpVisual.Tests.csproj", "{177AE605-21E6-4349-B889-1E3C45ED6D68}"
EndProject
Global
	GlobalSection(SolutionConfigurationPlatforms) = preSolution
		Debug|Any CPU = Debug|Any CPU
		Release|Any CPU = Release|Any CPU
	EndGlobalSection
	GlobalSection(SolutionProperties) = preSolution
		HideSolutionNode = FALSE
	EndGlobalSection
	GlobalSection(ProjectConfigurationPlatforms) = postSolution
		{D8CEE50E-6E75-4EA5-AFA0-391326887304}.Debug|Any CPU.ActiveCfg = Debug|Any CPU
		{D8CEE50E-6E75-4EA5-AFA0-391326887304}.Debug|Any CPU.Build.0 = Debug|Any CPU
		{D8CEE50E-6E75-4EA5-AFA0-391326887304}.Release|Any CPU.ActiveCfg = Release|Any CPU
		{D8CEE50E-6E75-4EA5-AFA0-391326887304}.Release|Any CPU.Build.0 = Release|Any CPU
		{177AE605-21E6-4349-B889-1E3C45ED6D68}.Debug|Any CPU.ActiveCfg = Debug|Any CPU
		{177AE605-21E6-4349-B889-1E3C45ED6D68}.Debug|Any CPU.Build.0 = Debug|Any CPU
		{177AE605-21E6-4349-B889-1E3C45ED6D68}.Release|Any CPU.ActiveCfg = Release|Any CPU
		{177AE605-21E6-4349-B889-1E3C45ED6D68}.Release|Any CPU.Build.0 = Release|Any CPU
	EndGlobalSection
	GlobalSection(NestedProjects) = preSolution
		{D8CEE50E-6E75-4EA5-AFA0-391326887304} = {F6A795D3-D179-4BB7-BBE3-E064003D1034}
		{177AE605-21E6-4349-B889-1E3C45ED6D68} = {1A4C1B9E-2AA8-4DE9-BC8A-1EAC95F934AE}
	EndGlobalSection
EndGlobal
